// !$*UTF8*$!
{
	archiveVersion = 1;
	classes = {
	};
	objectVersion = 55;
	objects = {

/* Begin PBXBuildFile section */
		C139D1472896D2FD0052F6A1 /* AppDelegate.swift in Sources */ = {isa = PBXBuildFile; fileRef = C139D1462896D2FD0052F6A1 /* AppDelegate.swift */; };
		C139D1492896D2FD0052F6A1 /* SceneDelegate.swift in Sources */ = {isa = PBXBuildFile; fileRef = C139D1482896D2FD0052F6A1 /* SceneDelegate.swift */; };
		C139D14B2896D2FD0052F6A1 /* ViewController.swift in Sources */ = {isa = PBXBuildFile; fileRef = C139D14A2896D2FD0052F6A1 /* ViewController.swift */; };
		C139D14E2896D2FD0052F6A1 /* Main.storyboard in Resources */ = {isa = PBXBuildFile; fileRef = C139D14C2896D2FD0052F6A1 /* Main.storyboard */; };
		C139D1502896D2FF0052F6A1 /* Assets.xcassets in Resources */ = {isa = PBXBuildFile; fileRef = C139D14F2896D2FF0052F6A1 /* Assets.xcassets */; };
		C139D1532896D2FF0052F6A1 /* LaunchScreen.storyboard in Resources */ = {isa = PBXBuildFile; fileRef = C139D1512896D2FF0052F6A1 /* LaunchScreen.storyboard */; };
		C139D15C2896D93B0052F6A1 /* Settings.swift in Sources */ = {isa = PBXBuildFile; fileRef = C139D15B2896D93B0052F6A1 /* Settings.swift */; };
		C139D15E2896DB890052F6A1 /* SettingsModel.swift in Sources */ = {isa = PBXBuildFile; fileRef = C139D15D2896DB890052F6A1 /* SettingsModel.swift */; };
/* End PBXBuildFile section */

/* Begin PBXFileReference section */
		C139D1432896D2FD0052F6A1 /* HW13 - ios5.app */ = {isa = PBXFileReference; explicitFileType = wrapper.application; includeInIndex = 0; path = "HW13 - ios5.app"; sourceTree = BUILT_PRODUCTS_DIR; };
		C139D1462896D2FD0052F6A1 /* AppDelegate.swift */ = {isa = PBXFileReference; lastKnownFileType = sourcecode.swift; path = AppDelegate.swift; sourceTree = "<group>"; };
		C139D1482896D2FD0052F6A1 /* SceneDelegate.swift */ = {isa = PBXFileReference; lastKnownFileType = sourcecode.swift; path = SceneDelegate.swift; sourceTree = "<group>"; };
		C139D14A2896D2FD0052F6A1 /* ViewController.swift */ = {isa = PBXFileReference; lastKnownFileType = sourcecode.swift; path = ViewController.swift; sourceTree = "<group>"; };
		C139D14D2896D2FD0052F6A1 /* Base */ = {isa = PBXFileReference; lastKnownFileType = file.storyboard; name = Base; path = Base.lproj/Main.storyboard; sourceTree = "<group>"; };
		C139D14F2896D2FF0052F6A1 /* Assets.xcassets */ = {isa = PBXFileReference; lastKnownFileType = folder.assetcatalog; path = Assets.xcassets; sourceTree = "<group>"; };
		C139D1522896D2FF0052F6A1 /* Base */ = {isa = PBXFileReference; lastKnownFileType = file.storyboard; name = Base; path = Base.lproj/LaunchScreen.storyboard; sourceTree = "<group>"; };
		C139D1542896D2FF0052F6A1 /* Info.plist */ = {isa = PBXFileReference; lastKnownFileType = text.plist.xml; path = Info.plist; sourceTree = "<group>"; };
		C139D15B2896D93B0052F6A1 /* Settings.swift */ = {isa = PBXFileReference; lastKnownFileType = sourcecode.swift; path = Settings.swift; sourceTree = "<group>"; };
		C139D15D2896DB890052F6A1 /* SettingsModel.swift */ = {isa = PBXFileReference; lastKnownFileType = sourcecode.swift; path = SettingsModel.swift; sourceTree = "<group>"; };
/* End PBXFileReference section */

/* Begin PBXFrameworksBuildPhase section */
		C139D1402896D2FD0052F6A1 /* Frameworks */ = {
			isa = PBXFrameworksBuildPhase;
			buildActionMask = 2147483647;
			files = (
			);
			runOnlyForDeploymentPostprocessing = 0;
		};
/* End PBXFrameworksBuildPhase section */

/* Begin PBXGroup section */
		C139D13A2896D2FD0052F6A1 = {
			isa = PBXGroup;
			children = (
				C139D1452896D2FD0052F6A1 /* HW13 - ios5 */,
				C139D1442896D2FD0052F6A1 /* Products */,
			);
			sourceTree = "<group>";
		};
		C139D1442896D2FD0052F6A1 /* Products */ = {
			isa = PBXGroup;
			children = (
				C139D1432896D2FD0052F6A1 /* HW13 - ios5.app */,
			);
			name = Products;
			sourceTree = "<group>";
		};
		C139D1452896D2FD0052F6A1 /* HW13 - ios5 */ = {
			isa = PBXGroup;
			children = (
				C139D1462896D2FD0052F6A1 /* AppDelegate.swift */,
				C139D1482896D2FD0052F6A1 /* SceneDelegate.swift */,
				C139D14A2896D2FD0052F6A1 /* ViewController.swift */,
				C139D14C2896D2FD0052F6A1 /* Main.storyboard */,
				C139D14F2896D2FF0052F6A1 /* Assets.xcassets */,
				C139D1512896D2FF0052F6A1 /* LaunchScreen.storyboard */,
				C139D1542896D2FF0052F6A1 /* Info.plist */,
				C139D15B2896D93B0052F6A1 /* Settings.swift */,
				C139D15D2896DB890052F6A1 /* SettingsModel.swift */,
			);
			path = "HW13 - ios5";
			sourceTree = "<group>";
		};
/* End PBXGroup section */

/* Begin PBXNativeTarget section */
		C139D1422896D2FD0052F6A1 /* HW13 - ios5 */ = {
			isa = PBXNativeTarget;
			buildConfigurationList = C139D1572896D2FF0052F6A1 /* Build configuration list for PBXNativeTarget "HW13 - ios5" */;
			buildPhases = (
				C139D13F2896D2FD0052F6A1 /* Sources */,
				C139D1402896D2FD0052F6A1 /* Frameworks */,
				C139D1412896D2FD0052F6A1 /* Resources */,
			);
			buildRules = (
			);
			dependencies = (
			);
			name = "HW13 - ios5";
			productName = "HW13 - ios5";
			productReference = C139D1432896D2FD0052F6A1 /* HW13 - ios5.app */;
			productType = "com.apple.product-type.application";
		};
/* End PBXNativeTarget section */

/* Begin PBXProject section */
		C139D13B2896D2FD0052F6A1 /* Project object */ = {
			isa = PBXProject;
			attributes = {
				BuildIndependentTargetsInParallel = 1;
				LastSwiftUpdateCheck = 1330;
				LastUpgradeCheck = 1330;
				TargetAttributes = {
					C139D1422896D2FD0052F6A1 = {
						CreatedOnToolsVersion = 13.3.1;
					};
				};
			};
			buildConfigurationList = C139D13E2896D2FD0052F6A1 /* Build configuration list for PBXProject "HW13 - ios5" */;
			compatibilityVersion = "Xcode 13.0";
			developmentRegion = en;
			hasScannedForEncodings = 0;
			knownRegions = (
				en,
				Base,
			);
			mainGroup = C139D13A2896D2FD0052F6A1;
			productRefGroup = C139D1442896D2FD0052F6A1 /* Products */;
			projectDirPath = "";
			projectRoot = "";
			targets = (
				C139D1422896D2FD0052F6A1 /* HW13 - ios5 */,
			);
		};
/* End PBXProject section */

/* Begin PBXResourcesBuildPhase section */
		C139D1412896D2FD0052F6A1 /* Resources */ = {
			isa = PBXResourcesBuildPhase;
			buildActionMask = 2147483647;
			files = (
				C139D1532896D2FF0052F6A1 /* LaunchScreen.storyboard in Resources */,
				C139D1502896D2FF0052F6A1 /* Assets.xcassets in Resources */,
				C139D14E2896D2FD0052F6A1 /* Main.storyboard in Resources */,
			);
			runOnlyForDeploymentPostprocessing = 0;
		};
/* End PBXResourcesBuildPhase section */

/* Begin PBXSourcesBuildPhase section */
		C139D13F2896D2FD0052F6A1 /* Sources */ = {
			isa = PBXSourcesBuildPhase;
			buildActionMask = 2147483647;
			files = (
				C139D14B2896D2FD0052F6A1 /* ViewController.swift in Sources */,
				C139D15E2896DB890052F6A1 /* SettingsModel.swift in Sources */,
				C139D1472896D2FD0052F6A1 /* AppDelegate.swift in Sources */,
				C139D15C2896D93B0052F6A1 /* Settings.swift in Sources */,
				C139D1492896D2FD0052F6A1 /* SceneDelegate.swift in Sources */,
			);
			runOnlyForDeploymentPostprocessing = 0;
		};
/* End PBXSourcesBuildPhase section */

/* Begin PBXVariantGroup section */
		C139D14C2896D2FD0052F6A1 /* Main.storyboard */ = {
			isa = PBXVariantGroup;
			children = (
				C139D14D2896D2FD0052F6A1 /* Base */,
			);
			name = Main.storyboard;
			sourceTree = "<group>";
		};
		C139D1512896D2FF0052F6A1 /* LaunchScreen.storyboard */ = {
			isa = PBXVariantGroup;
			children = (
				C139D1522896D2FF0052F6A1 /* Base */,
			);
			name = LaunchScreen.storyboard;
			sourceTree = "<group>";
		};
/* End PBXVariantGroup section */

/* Begin XCBuildConfiguration section */
		C139D1552896D2FF0052F6A1 /* Debug */ = {
			isa = XCBuildConfiguration;
			buildSettings = {
				ALWAYS_SEARCH_USER_PATHS = NO;
				CLANG_ANALYZER_NONNULL = YES;
				CLANG_ANALYZER_NUMBER_OBJECT_CONVERSION = YES_AGGRESSIVE;
				CLANG_CXX_LANGUAGE_STANDARD = "gnu++17";
				CLANG_ENABLE_MODULES = YES;
				CLANG_ENABLE_OBJC_ARC = YES;
				CLANG_ENABLE_OBJC_WEAK = YES;
				CLANG_WARN_BLOCK_CAPTURE_AUTORELEASING = YES;
				CLANG_WARN_BOOL_CONVERSION = YES;
				CLANG_WARN_COMMA = YES;
				CLANG_WARN_CONSTANT_CONVERSION = YES;
				CLANG_WARN_DEPRECATED_OBJC_IMPLEMENTATIONS = YES;
				CLANG_WARN_DIRECT_OBJC_ISA_USAGE = YES_ERROR;
				CLANG_WARN_DOCUMENTATION_COMMENTS = YES;
				CLANG_WARN_EMPTY_BODY = YES;
				CLANG_WARN_ENUM_CONVERSION = YES;
				CLANG_WARN_INFINITE_RECURSION = YES;
				CLANG_WARN_INT_CONVERSION = YES;
				CLANG_WARN_NON_LITERAL_NULL_CONVERSION = YES;
				CLANG_WARN_OBJC_IMPLICIT_RETAIN_SELF = YES;
				CLANG_WARN_OBJC_LITERAL_CONVERSION = YES;
				CLANG_WARN_OBJC_ROOT_CLASS = YES_ERROR;
				CLANG_WARN_QUOTED_INCLUDE_IN_FRAMEWORK_HEADER = YES;
				CLANG_WARN_RANGE_LOOP_ANALYSIS = YES;
				CLANG_WARN_STRICT_PROTOTYPES = YES;
				CLANG_WARN_SUSPICIOUS_MOVE = YES;
				CLANG_WARN_UNGUARDED_AVAILABILITY = YES_AGGRESSIVE;
				CLANG_WARN_UNREACHABLE_CODE = YES;
				CLANG_WARN__DUPLICATE_METHOD_MATCH = YES;
				COPY_PHASE_STRIP = NO;
				DEBUG_INFORMATION_FORMAT = dwarf;
				ENABLE_STRICT_OBJC_MSGSEND = YES;
				ENABLE_TESTABILITY = YES;
				GCC_C_LANGUAGE_STANDARD = gnu11;
				GCC_DYNAMIC_NO_PIC = NO;
				GCC_NO_COMMON_BLOCKS = YES;
				GCC_OPTIMIZATION_LEVEL = 0;
				GCC_PREPROCESSOR_DEFINITIONS = (
					"DEBUG=1",
					"$(inherited)",
				);
				GCC_WARN_64_TO_32_BIT_CONVERSION = YES;
				GCC_WARN_ABOUT_RETURN_TYPE = YES_ERROR;
				GCC_WARN_UNDECLARED_SELECTOR = YES;
				GCC_WARN_UNINITIALIZED_AUTOS = YES_AGGRESSIVE;
				GCC_WARN_UNUSED_FUNCTION = YES;
				GCC_WARN_UNUSED_VARIABLE = YES;
				IPHONEOS_DEPLOYMENT_TARGET = 15.4;
				MTL_ENABLE_DEBUG_INFO = INCLUDE_SOURCE;
				MTL_FAST_MATH = YES;
				ONLY_ACTIVE_ARCH = YES;
				SDKROOT = iphoneos;
				SWIFT_ACTIVE_COMPILATION_CONDITIONS = DEBUG;
				SWIFT_OPTIMIZATION_LEVEL = "-Onone";
			};
			name = Debug;
		};
		C139D1562896D2FF0052F6A1 /* Release */ = {
			isa = XCBuildConfiguration;
			buildSettings = {
				ALWAYS_SEARCH_USER_PATHS = NO;
				CLANG_ANALYZER_NONNULL = YES;
				CLANG_ANALYZER_NUMBER_OBJECT_CONVERSION = YES_AGGRESSIVE;
				CLANG_CXX_LANGUAGE_STANDARD = "gnu++17";
				CLANG_ENABLE_MODULES = YES;
				CLANG_ENABLE_OBJC_ARC = YES;
				CLANG_ENABLE_OBJC_WEAK = YES;
				CLANG_WARN_BLOCK_CAPTURE_AUTORELEASING = YES;
				CLANG_WARN_BOOL_CONVERSION = YES;
				CLANG_WARN_COMMA = YES;
				CLANG_WARN_CONSTANT_CONVERSION = YES;
				CLANG_WARN_DEPRECATED_OBJC_IMPLEMENTATIONS = YES;
				CLANG_WARN_DIRECT_OBJC_ISA_USAGE = YES_ERROR;
				CLANG_WARN_DOCUMENTATION_COMMENTS = YES;
				CLANG_WARN_EMPTY_BODY = YES;
				CLANG_WARN_ENUM_CONVERSION = YES;
				CLANG_WARN_INFINITE_RECURSION = YES;
				CLANG_WARN_INT_CONVERSION = YES;
				CLANG_WARN_NON_LITERAL_NULL_CONVERSION = YES;
				CLANG_WARN_OBJC_IMPLICIT_RETAIN_SELF = YES;
				CLANG_WARN_OBJC_LITERAL_CONVERSION = YES;
				CLANG_WARN_OBJC_ROOT_CLASS = YES_ERROR;
				CLANG_WARN_QUOTED_INCLUDE_IN_FRAMEWORK_HEADER = YES;
				CLANG_WARN_RANGE_LOOP_ANALYSIS = YES;
				CLANG_WARN_STRICT_PROTOTYPES = YES;
				CLANG_WARN_SUSPICIOUS_MOVE = YES;
				CLANG_WARN_UNGUARDED_AVAILABILITY = YES_AGGRESSIVE;
				CLANG_WARN_UNREACHABLE_CODE = YES;
				CLANG_WARN__DUPLICATE_METHOD_MATCH = YES;
				COPY_PHASE_STRIP = NO;
				DEBUG_INFORMATION_FORMAT = "dwarf-with-dsym";
				ENABLE_NS_ASSERTIONS = NO;
				ENABLE_STRICT_OBJC_MSGSEND = YES;
				GCC_C_LANGUAGE_STANDARD = gnu11;
				GCC_NO_COMMON_BLOCKS = YES;
				GCC_WARN_64_TO_32_BIT_CONVERSION = YES;
				GCC_WARN_ABOUT_RETURN_TYPE = YES_ERROR;
				GCC_WARN_UNDECLARED_SELECTOR = YES;
				GCC_WARN_UNINITIALIZED_AUTOS = YES_AGGRESSIVE;
				GCC_WARN_UNUSED_FUNCTION = YES;
				GCC_WARN_UNUSED_VARIABLE = YES;
				IPHONEOS_DEPLOYMENT_TARGET = 15.4;
				MTL_ENABLE_DEBUG_INFO = NO;
				MTL_FAST_MATH = YES;
				SDKROOT = iphoneos;
				SWIFT_COMPILATION_MODE = wholemodule;
				SWIFT_OPTIMIZATION_LEVEL = "-O";
				VALIDATE_PRODUCT = YES;
			};
			name = Release;
		};
		C139D1582896D2FF0052F6A1 /* Debug */ = {
			isa = XCBuildConfiguration;
			buildSettings = {
				ASSETCATALOG_COMPILER_APPICON_NAME = AppIcon;
				ASSETCATALOG_COMPILER_GLOBAL_ACCENT_COLOR_NAME = AccentColor;
				CODE_SIGN_STYLE = Automatic;
				CURRENT_PROJECT_VERSION = 1;
				DEVELOPMENT_TEAM = D5NPYQY9T7;
				GENERATE_INFOPLIST_FILE = YES;
				INFOPLIST_FILE = "HW13 - ios5/Info.plist";
				INFOPLIST_KEY_UIApplicationSupportsIndirectInputEvents = YES;
				INFOPLIST_KEY_UILaunchStoryboardName = LaunchScreen;
				INFOPLIST_KEY_UIMainStoryboardFile = Main;
				INFOPLIST_KEY_UISupportedInterfaceOrientations_iPad = "UIInterfaceOrientationPortrait UIInterfaceOrientationPortraitUpsideDown UIInterfaceOrientationLandscapeLeft UIInterfaceOrientationLandscapeRight";
				INFOPLIST_KEY_UISupportedInterfaceOrientations_iPhone = "UIInterfaceOrientationPortrait UIInterfaceOrientationLandscapeLeft UIInterfaceOrientationLandscapeRight";
				LD_RUNPATH_SEARCH_PATHS = (
					"$(inherited)",
					"@executable_path/Frameworks",
				);
				MARKETING_VERSION = 1.0;
				PRODUCT_BUNDLE_IDENTIFIER = "com.my.HW13---ios5";
				PRODUCT_NAME = "$(TARGET_NAME)";
				SWIFT_EMIT_LOC_STRINGS = YES;
				SWIFT_VERSION = 5.0;
				TARGETED_DEVICE_FAMILY = "1,2";
			};
			name = Debug;
		};
		C139D1592896D2FF0052F6A1 /* Release */ = {
			isa = XCBuildConfiguration;
			buildSettings = {
				ASSETCATALOG_COMPILER_APPICON_NAME = AppIcon;
				ASSETCATALOG_COMPILER_GLOBAL_ACCENT_COLOR_NAME = AccentColor;
				CODE_SIGN_STYLE = Automatic;
				CURRENT_PROJECT_VERSION = 1;
				DEVELOPMENT_TEAM = D5NPYQY9T7;
				GENERATE_INFOPLIST_FILE = YES;
				INFOPLIST_FILE = "HW13 - ios5/Info.plist";
				INFOPLIST_KEY_UIApplicationSupportsIndirectInputEvents = YES;
				INFOPLIST_KEY_UILaunchStoryboardName = LaunchScreen;
				INFOPLIST_KEY_UIMainStoryboardFile = Main;
				INFOPLIST_KEY_UISupportedInterfaceOrientations_iPad = "UIInterfaceOrientationPortrait UIInterfaceOrientationPortraitUpsideDown UIInterfaceOrientationLandscapeLeft UIInterfaceOrientationLandscapeRight";
				INFOPLIST_KEY_UISupportedInterfaceOrientations_iPhone = "UIInterfaceOrientationPortrait UIInterfaceOrientationLandscapeLeft UIInterfaceOrientationLandscapeRight";
				LD_RUNPATH_SEARCH_PATHS = (
					"$(inherited)",
					"@executable_path/Frameworks",
				);
				MARKETING_VERSION = 1.0;
				PRODUCT_BUNDLE_IDENTIFIER = "com.my.HW13---ios5";
				PRODUCT_NAME = "$(TARGET_NAME)";
				SWIFT_EMIT_LOC_STRINGS = YES;
				SWIFT_VERSION = 5.0;
				TARGETED_DEVICE_FAMILY = "1,2";
			};
			name = Release;
		};
/* End XCBuildConfiguration section */

/* Begin XCConfigurationList section */
		C139D13E2896D2FD0052F6A1 /* Build configuration list for PBXProject "HW13 - ios5" */ = {
			isa = XCConfigurationList;
			buildConfigurations = (
				C139D1552896D2FF0052F6A1 /* Debug */,
				C139D1562896D2FF0052F6A1 /* Release */,
			);
			defaultConfigurationIsVisible = 0;
			defaultConfigurationName = Release;
		};
		C139D1572896D2FF0052F6A1 /* Build configuration list for PBXNativeTarget "HW13 - ios5" */ = {
			isa = XCConfigurationList;
			buildConfigurations = (
				C139D1582896D2FF0052F6A1 /* Debug */,
				C139D1592896D2FF0052F6A1 /* Release */,
			);
			defaultConfigurationIsVisible = 0;
			defaultConfigurationName = Release;
		};
/* End XCConfigurationList section */
	};
	rootObject = C139D13B2896D2FD0052F6A1 /* Project object */;
}
